
Microsoft Visual Studio Solution File, Format Version 12.00
# Visual Studio 15
VisualStudioVersion = 15.0.28010.2016
MinimumVisualStudioVersion = 10.0.40219.1
Project("{FAE04EC0-301F-11D3-BF4B-00C04F79EFBC}") = "VivaldiModManager", "VivaldiModManager\VivaldiModManager.csproj", "{0F29B33E-FB2F-4657-ADD9-6E53CC53317D}"
EndProject
Project("{2150E333-8FDC-42A3-9474-1A3956D46DE8}") = "Solution Items", "Solution Items", "{0A83E4DD-F2F7-4F5A-9050-7C791D3E70A4}"
EndProject
Global
	GlobalSection(SolutionConfigurationPlatforms) = preSolution
		Debug|Any CPU = Debug|Any CPU
		Release|Any CPU = Release|Any CPU
	EndGlobalSection
	GlobalSection(ProjectConfigurationPlatforms) = postSolution
		{0F29B33E-FB2F-4657-ADD9-6E53CC53317D}.Debug|Any CPU.ActiveCfg = Debug|Any CPU
		{0F29B33E-FB2F-4657-ADD9-6E53CC53317D}.Debug|Any CPU.Build.0 = Debug|Any CPU
		{0F29B33E-FB2F-4657-ADD9-6E53CC53317D}.Release|Any CPU.ActiveCfg = Release|Any CPU
		{0F29B33E-FB2F-4657-ADD9-6E53CC53317D}.Release|Any CPU.Build.0 = Release|Any CPU
	EndGlobalSection
	GlobalSection(SolutionProperties) = preSolution
		HideSolutionNode = FALSE
	EndGlobalSection
	GlobalSection(ExtensibilityGlobals) = postSolution
		SolutionGuid = {5C49BDEA-DEFC-4CAC-A380-AE7DF14D6C7A}
	EndGlobalSection
EndGlobal
